
Microsoft Visual Studio Solution File, Format Version 12.00
# Visual Studio Version 17
VisualStudioVersion = 17.4.33213.308
MinimumVisualStudioVersion = 10.0.40219.1
Project("{9A19103F-16F7-4668-BE54-9A1E7A4F7556}") = "ProjetGestionD'AgenceImmobilière", "ProjetGestionD'AgenceImmobilière\ProjetGestionD'AgenceImmobilière.csproj", "{370AA22C-003C-4D75-9DB8-F19881954BA3}"
EndProject
Global
	GlobalSection(SolutionConfigurationPlatforms) = preSolution
		Debug|Any CPU = Debug|Any CPU
		Release|Any CPU = Release|Any CPU
	EndGlobalSection
	GlobalSection(ProjectConfigurationPlatforms) = postSolution
		{370AA22C-003C-4D75-9DB8-F19881954BA3}.Debug|Any CPU.ActiveCfg = Debug|Any CPU
		{370AA22C-003C-4D75-9DB8-F19881954BA3}.Debug|Any CPU.Build.0 = Debug|Any CPU
		{370AA22C-003C-4D75-9DB8-F19881954BA3}.Release|Any CPU.ActiveCfg = Release|Any CPU
		{370AA22C-003C-4D75-9DB8-F19881954BA3}.Release|Any CPU.Build.0 = Release|Any CPU
	EndGlobalSection
	GlobalSection(SolutionProperties) = preSolution
		HideSolutionNode = FALSE
	EndGlobalSection
	GlobalSection(ExtensibilityGlobals) = postSolution
		SolutionGuid = {3AEF0714-458C-4B6A-B6EF-64F244CC93EE}
	EndGlobalSection
EndGlobal
